
Microsoft Visual Studio Solution File, Format Version 12.00
# Visual Studio Version 16
VisualStudioVersion = 16.0.29411.108
MinimumVisualStudioVersion = 10.0.40219.1
Project("{FAE04EC0-301F-11D3-BF4B-00C04F79EFBC}") = "Testing_Method_that_Throw_Exeception3_6", "Testing_Method_that_Throw_Exeception3_6\Testing_Method_that_Throw_Exeception3_6.csproj", "{D467F1A9-7423-44DF-BDA1-6272C79398F9}"
EndProject
Global
	GlobalSection(SolutionConfigurationPlatforms) = preSolution
		Debug|Any CPU = Debug|Any CPU
		Release|Any CPU = Release|Any CPU
	EndGlobalSection
	GlobalSection(ProjectConfigurationPlatforms) = postSolution
		{D467F1A9-7423-44DF-BDA1-6272C79398F9}.Debug|Any CPU.ActiveCfg = Debug|Any CPU
		{D467F1A9-7423-44DF-BDA1-6272C79398F9}.Debug|Any CPU.Build.0 = Debug|Any CPU
		{D467F1A9-7423-44DF-BDA1-6272C79398F9}.Release|Any CPU.ActiveCfg = Release|Any CPU
		{D467F1A9-7423-44DF-BDA1-6272C79398F9}.Release|Any CPU.Build.0 = Release|Any CPU
	EndGlobalSection
	GlobalSection(SolutionProperties) = preSolution
		HideSolutionNode = FALSE
	EndGlobalSection
	GlobalSection(ExtensibilityGlobals) = postSolution
		SolutionGuid = {218471BA-6704-44B7-ABC3-D66DCD89004C}
	EndGlobalSection
EndGlobal
